
Microsoft Visual Studio Solution File, Format Version 12.00
# Visual Studio Version 17
VisualStudioVersion = 17.3.32929.385
MinimumVisualStudioVersion = 10.0.40219.1
Project("{FAE04EC0-301F-11D3-BF4B-00C04F79EFBC}") = "HelloAuth", "HelloAuth\HelloAuth.csproj", "{A2DBD7BA-B9B0-483C-8A60-C50E1E7B0F16}"
EndProject
Global
	GlobalSection(SolutionConfigurationPlatforms) = preSolution
		Debug|Any CPU = Debug|Any CPU
		Release|Any CPU = Release|Any CPU
	EndGlobalSection
	GlobalSection(ProjectConfigurationPlatforms) = postSolution
		{A2DBD7BA-B9B0-483C-8A60-C50E1E7B0F16}.Debug|Any CPU.ActiveCfg = Debug|Any CPU
		{A2DBD7BA-B9B0-483C-8A60-C50E1E7B0F16}.Debug|Any CPU.Build.0 = Debug|Any CPU
		{A2DBD7BA-B9B0-483C-8A60-C50E1E7B0F16}.Release|Any CPU.ActiveCfg = Release|Any CPU
		{A2DBD7BA-B9B0-483C-8A60-C50E1E7B0F16}.Release|Any CPU.Build.0 = Release|Any CPU
	EndGlobalSection
	GlobalSection(SolutionProperties) = preSolution
		HideSolutionNode = FALSE
	EndGlobalSection
	GlobalSection(ExtensibilityGlobals) = postSolution
		SolutionGuid = {804CDE24-09C9-452C-85A9-450E00518900}
	EndGlobalSection
EndGlobal
