
Microsoft Visual Studio Solution File, Format Version 12.00
# Visual Studio Version 17
VisualStudioVersion = 17.3.32929.385
MinimumVisualStudioVersion = 10.0.40219.1
Project("{FAE04EC0-301F-11D3-BF4B-00C04F79EFBC}") = "HelloAuth_Model", "HelloAuth_Model.csproj", "{AD659006-3A9F-420F-B4DF-EB90E434E27B}"
EndProject
Global
	GlobalSection(SolutionConfigurationPlatforms) = preSolution
		Debug|Any CPU = Debug|Any CPU
		Release|Any CPU = Release|Any CPU
	EndGlobalSection
	GlobalSection(ProjectConfigurationPlatforms) = postSolution
		{AD659006-3A9F-420F-B4DF-EB90E434E27B}.Debug|Any CPU.ActiveCfg = Debug|Any CPU
		{AD659006-3A9F-420F-B4DF-EB90E434E27B}.Debug|Any CPU.Build.0 = Debug|Any CPU
		{AD659006-3A9F-420F-B4DF-EB90E434E27B}.Release|Any CPU.ActiveCfg = Release|Any CPU
		{AD659006-3A9F-420F-B4DF-EB90E434E27B}.Release|Any CPU.Build.0 = Release|Any CPU
	EndGlobalSection
	GlobalSection(SolutionProperties) = preSolution
		HideSolutionNode = FALSE
	EndGlobalSection
	GlobalSection(ExtensibilityGlobals) = postSolution
		SolutionGuid = {7EBF1777-CC0B-400B-BCE0-E0D507604064}
	EndGlobalSection
EndGlobal
